
Microsoft Visual Studio Solution File, Format Version 12.00
# Visual Studio Version 16
VisualStudioVersion = 16.0.30804.86
MinimumVisualStudioVersion = 10.0.40219.1
Project("{FAE04EC0-301F-11D3-BF4B-00C04F79EFBC}") = "EmployeeWPF", "EmployeeWPF.csproj", "{AE5B24FC-98A4-40C5-B444-E8286A7239BF}"
EndProject
Global
	GlobalSection(SolutionConfigurationPlatforms) = preSolution
		Debug|Any CPU = Debug|Any CPU
		Release|Any CPU = Release|Any CPU
	EndGlobalSection
	GlobalSection(ProjectConfigurationPlatforms) = postSolution
		{AE5B24FC-98A4-40C5-B444-E8286A7239BF}.Debug|Any CPU.ActiveCfg = Debug|Any CPU
		{AE5B24FC-98A4-40C5-B444-E8286A7239BF}.Debug|Any CPU.Build.0 = Debug|Any CPU
		{AE5B24FC-98A4-40C5-B444-E8286A7239BF}.Release|Any CPU.ActiveCfg = Release|Any CPU
		{AE5B24FC-98A4-40C5-B444-E8286A7239BF}.Release|Any CPU.Build.0 = Release|Any CPU
	EndGlobalSection
	GlobalSection(SolutionProperties) = preSolution
		HideSolutionNode = FALSE
	EndGlobalSection
	GlobalSection(ExtensibilityGlobals) = postSolution
		SolutionGuid = {D312EB08-C0F3-440E-8972-3AF2EDE77722}
	EndGlobalSection
EndGlobal
